PODS:
  - Alamofire (4.7.1)
  - RxCocoa (4.1.2):
    - RxSwift (~> 4.0)
  - RxSwift (4.1.2)
  - SwiftyJSON (4.0.0)

DEPENDENCIES:
  - Alamofire
  - RxCocoa
  - RxSwift
  - SwiftyJSON

SPEC REPOS:
  https://github.com/CocoaPods/Specs.git:
    - Alamofire
    - RxCocoa
    - RxSwift
    - SwiftyJSON

SPEC CHECKSUMS:
  Alamofire: 68d7d521118d49c615a8d2214d87cdf525599d30
  RxCocoa: d88ba0f1f6abf040011a9eb4b539324fc426843a
  RxSwift: e49536837d9901277638493ea537394d4b55f570
  SwiftyJSON: 070dabdcb1beb81b247c65ffa3a79dbbfb3b48aa

PODFILE CHECKSUM: 194dc0f0fe62a16a71d694afd9871ca131c358f1

COCOAPODS: 1.5.0
